// !$*UTF8*$!
{
	archiveVersion = 1;
	classes = {
	};
	objectVersion = 56;
	objects = {

/* Begin PBXBuildFile section */
		A81F68CD2C13055300FAC237 /* NavigationController.swift in Sources */ = {isa = PBXBuildFile; fileRef = A81F68CB2C13055200FAC237 /* NavigationController.swift */; };
		A81F68D02C13060E00FAC237 /* SnapKit in Frameworks */ = {isa = PBXBuildFile; productRef = A81F68CF2C13060E00FAC237 /* SnapKit */; };
		A81F68D52C13061300FAC237 /* Then in Frameworks */ = {isa = PBXBuildFile; productRef = A81F68D42C13061300FAC237 /* Then */; };
		A875D1712C1180B900489207 /* AppDelegate.swift in Sources */ = {isa = PBXBuildFile; fileRef = A875D1702C1180B900489207 /* AppDelegate.swift */; };
		A875D1732C1180B900489207 /* SceneDelegate.swift in Sources */ = {isa = PBXBuildFile; fileRef = A875D1722C1180B900489207 /* SceneDelegate.swift */; };
		A875D1752C1180B900489207 /* LoginViewController.swift in Sources */ = {isa = PBXBuildFile; fileRef = A875D1742C1180B900489207 /* LoginViewController.swift */; };
		A875D17A2C1180BB00489207 /* Assets.xcassets in Resources */ = {isa = PBXBuildFile; fileRef = A875D1792C1180BB00489207 /* Assets.xcassets */; };
		A875D17D2C1180BB00489207 /* Base in Resources */ = {isa = PBXBuildFile; fileRef = A875D17C2C1180BB00489207 /* Base */; };
		A875D1932C11929F00489207 /* TabBarViewController.swift in Sources */ = {isa = PBXBuildFile; fileRef = A875D1922C11929F00489207 /* TabBarViewController.swift */; };
		CC9DF1E52C31310400B8D2EE /* ProfileViewController.swift in Sources */ = {isa = PBXBuildFile; fileRef = CC9DF1E42C31310400B8D2EE /* ProfileViewController.swift */; };
		CC9DF1E82C31319700B8D2EE /* BaseViewController.swift in Sources */ = {isa = PBXBuildFile; fileRef = CC9DF1E72C31319700B8D2EE /* BaseViewController.swift */; };
		CC9DF1EC2C31349D00B8D2EE /* Literal.swift in Sources */ = {isa = PBXBuildFile; fileRef = CC9DF1EB2C31349D00B8D2EE /* Literal.swift */; };
		CC9DF1EE2C313B0200B8D2EE /* BaseView.swift in Sources */ = {isa = PBXBuildFile; fileRef = CC9DF1ED2C313B0100B8D2EE /* BaseView.swift */; };
		CC9DF1F02C313B9800B8D2EE /* BaseStackView.swift in Sources */ = {isa = PBXBuildFile; fileRef = CC9DF1EF2C313B9800B8D2EE /* BaseStackView.swift */; };
		CC9DF1F32C313D4300B8D2EE /* ContainerView.swift in Sources */ = {isa = PBXBuildFile; fileRef = CC9DF1F22C313D4300B8D2EE /* ContainerView.swift */; };
		CC9DF1F72C31415D00B8D2EE /* RootViewProtocol.swift in Sources */ = {isa = PBXBuildFile; fileRef = CC9DF1F62C31415D00B8D2EE /* RootViewProtocol.swift */; };
		CC9DF1F92C3141A400B8D2EE /* ProfileRootView.swift in Sources */ = {isa = PBXBuildFile; fileRef = CC9DF1F82C3141A400B8D2EE /* ProfileRootView.swift */; };
/* End PBXBuildFile section */

/* Begin PBXFileReference section */
		A81F68CB2C13055200FAC237 /* NavigationController.swift */ = {isa = PBXFileReference; fileEncoding = 4; lastKnownFileType = sourcecode.swift; path = NavigationController.swift; sourceTree = "<group>"; };
		A875D16D2C1180B900489207 /* cliary.app */ = {isa = PBXFileReference; explicitFileType = wrapper.application; includeInIndex = 0; path = cliary.app; sourceTree = BUILT_PRODUCTS_DIR; };
		A875D1702C1180B900489207 /* AppDelegate.swift */ = {isa = PBXFileReference; lastKnownFileType = sourcecode.swift; path = AppDelegate.swift; sourceTree = "<group>"; };
		A875D1722C1180B900489207 /* SceneDelegate.swift */ = {isa = PBXFileReference; lastKnownFileType = sourcecode.swift; path = SceneDelegate.swift; sourceTree = "<group>"; };
		A875D1742C1180B900489207 /* LoginViewController.swift */ = {isa = PBXFileReference; lastKnownFileType = sourcecode.swift; path = LoginViewController.swift; sourceTree = "<group>"; };
		A875D1792C1180BB00489207 /* Assets.xcassets */ = {isa = PBXFileReference; lastKnownFileType = folder.assetcatalog; path = Assets.xcassets; sourceTree = "<group>"; };
		A875D17C2C1180BB00489207 /* Base */ = {isa = PBXFileReference; lastKnownFileType = file.storyboard; name = Base; path = Base.lproj/LaunchScreen.storyboard; sourceTree = "<group>"; };
		A875D17E2C1180BB00489207 /* Info.plist */ = {isa = PBXFileReference; lastKnownFileType = text.plist.xml; path = Info.plist; sourceTree = "<group>"; };
		A875D1922C11929F00489207 /* TabBarViewController.swift */ = {isa = PBXFileReference; lastKnownFileType = sourcecode.swift; path = TabBarViewController.swift; sourceTree = "<group>"; };
		CC9DF1E42C31310400B8D2EE /* ProfileViewController.swift */ = {isa = PBXFileReference; lastKnownFileType = sourcecode.swift; path = ProfileViewController.swift; sourceTree = "<group>"; };
		CC9DF1E72C31319700B8D2EE /* BaseViewController.swift */ = {isa = PBXFileReference; lastKnownFileType = sourcecode.swift; path = BaseViewController.swift; sourceTree = "<group>"; };
		CC9DF1EB2C31349D00B8D2EE /* Literal.swift */ = {isa = PBXFileReference; lastKnownFileType = sourcecode.swift; path = Literal.swift; sourceTree = "<group>"; };
		CC9DF1ED2C313B0100B8D2EE /* BaseView.swift */ = {isa = PBXFileReference; lastKnownFileType = sourcecode.swift; path = BaseView.swift; sourceTree = "<group>"; };
		CC9DF1EF2C313B9800B8D2EE /* BaseStackView.swift */ = {isa = PBXFileReference; lastKnownFileType = sourcecode.swift; path = BaseStackView.swift; sourceTree = "<group>"; };
		CC9DF1F22C313D4300B8D2EE /* ContainerView.swift */ = {isa = PBXFileReference; lastKnownFileType = sourcecode.swift; path = ContainerView.swift; sourceTree = "<group>"; };
		CC9DF1F62C31415D00B8D2EE /* RootViewProtocol.swift */ = {isa = PBXFileReference; lastKnownFileType = sourcecode.swift; path = RootViewProtocol.swift; sourceTree = "<group>"; };
		CC9DF1F82C3141A400B8D2EE /* ProfileRootView.swift */ = {isa = PBXFileReference; lastKnownFileType = sourcecode.swift; path = ProfileRootView.swift; sourceTree = "<group>"; };
/* End PBXFileReference section */

/* Begin PBXFrameworksBuildPhase section */
		A875D16A2C1180B900489207 /* Frameworks */ = {
			isa = PBXFrameworksBuildPhase;
			buildActionMask = 2147483647;
			files = (
				A81F68D02C13060E00FAC237 /* SnapKit in Frameworks */,
				A81F68D52C13061300FAC237 /* Then in Frameworks */,
			);
			runOnlyForDeploymentPostprocessing = 0;
		};
/* End PBXFrameworksBuildPhase section */

/* Begin PBXGroup section */
		A81F68CC2C13055200FAC237 /* Navigation */ = {
			isa = PBXGroup;
			children = (
				A81F68CB2C13055200FAC237 /* NavigationController.swift */,
			);
			path = Navigation;
			sourceTree = "<group>";
		};
		A875D1642C1180B900489207 = {
			isa = PBXGroup;
			children = (
				A875D16F2C1180B900489207 /* cliary */,
				A875D16E2C1180B900489207 /* Products */,
			);
			sourceTree = "<group>";
		};
		A875D16E2C1180B900489207 /* Products */ = {
			isa = PBXGroup;
			children = (
				A875D16D2C1180B900489207 /* cliary.app */,
			);
			name = Products;
			sourceTree = "<group>";
		};
		A875D16F2C1180B900489207 /* cliary */ = {
			isa = PBXGroup;
			children = (
				CC9DF1E92C31348500B8D2EE /* Utility */,
				A875D1842C11841300489207 /* App */,
				A875D18F2C1191E600489207 /* Presenter */,
				A875D1792C1180BB00489207 /* Assets.xcassets */,
				A875D17B2C1180BB00489207 /* LaunchScreen.storyboard */,
				A875D17E2C1180BB00489207 /* Info.plist */,
			);
			path = cliary;
			sourceTree = "<group>";
		};
		A875D1842C11841300489207 /* App */ = {
			isa = PBXGroup;
			children = (
				A875D1702C1180B900489207 /* AppDelegate.swift */,
				A875D1722C1180B900489207 /* SceneDelegate.swift */,
			);
			path = App;
			sourceTree = "<group>";
		};
		A875D18F2C1191E600489207 /* Presenter */ = {
			isa = PBXGroup;
			children = (
				CC9DF1F12C313CBF00B8D2EE /* Reusable */,
				CC9DF1E62C31318800B8D2EE /* Base */,
				CC9DF1E32C3130E300B8D2EE /* Profile */,
				A81F68CC2C13055200FAC237 /* Navigation */,
				A875D1902C11926000489207 /* Auth */,
				A875D1912C11927300489207 /* TabBar */,
			);
			path = Presenter;
			sourceTree = "<group>";
		};
		A875D1902C11926000489207 /* Auth */ = {
			isa = PBXGroup;
			children = (
				A875D1742C1180B900489207 /* LoginViewController.swift */,
			);
			path = Auth;
			sourceTree = "<group>";
		};
		A875D1912C11927300489207 /* TabBar */ = {
			isa = PBXGroup;
			children = (
				A875D1922C11929F00489207 /* TabBarViewController.swift */,
			);
			path = TabBar;
			sourceTree = "<group>";
		};
		CC9DF1E32C3130E300B8D2EE /* Profile */ = {
			isa = PBXGroup;
			children = (
				CC9DF1F42C31411000B8D2EE /* View */,
			);
			path = Profile;
			sourceTree = "<group>";
		};
		CC9DF1E62C31318800B8D2EE /* Base */ = {
			isa = PBXGroup;
			children = (
				CC9DF1E72C31319700B8D2EE /* BaseViewController.swift */,
				CC9DF1ED2C313B0100B8D2EE /* BaseView.swift */,
				CC9DF1EF2C313B9800B8D2EE /* BaseStackView.swift */,
			);
			path = Base;
			sourceTree = "<group>";
		};
		CC9DF1E92C31348500B8D2EE /* Utility */ = {
			isa = PBXGroup;
			children = (
				CC9DF1F52C31414D00B8D2EE /* Protocols */,
				CC9DF1EB2C31349D00B8D2EE /* Literal.swift */,
			);
			path = Utility;
			sourceTree = "<group>";
		};
		CC9DF1F12C313CBF00B8D2EE /* Reusable */ = {
			isa = PBXGroup;
			children = (
				CC9DF1F22C313D4300B8D2EE /* ContainerView.swift */,
			);
			path = Reusable;
			sourceTree = "<group>";
		};
		CC9DF1F42C31411000B8D2EE /* View */ = {
			isa = PBXGroup;
			children = (
				CC9DF1E42C31310400B8D2EE /* ProfileViewController.swift */,
				CC9DF1F82C3141A400B8D2EE /* ProfileRootView.swift */,
			);
			path = View;
			sourceTree = "<group>";
		};
		CC9DF1F52C31414D00B8D2EE /* Protocols */ = {
			isa = PBXGroup;
			children = (
				CC9DF1F62C31415D00B8D2EE /* RootViewProtocol.swift */,
			);
			path = Protocols;
			sourceTree = "<group>";
		};
/* End PBXGroup section */

/* Begin PBXNativeTarget section */
		A875D16C2C1180B900489207 /* cliary */ = {
			isa = PBXNativeTarget;
			buildConfigurationList = A875D1812C1180BB00489207 /* Build configuration list for PBXNativeTarget "cliary" */;
			buildPhases = (
				A875D1692C1180B900489207 /* Sources */,
				A875D16A2C1180B900489207 /* Frameworks */,
				A875D16B2C1180B900489207 /* Resources */,
			);
			buildRules = (
			);
			dependencies = (
			);
			name = cliary;
			packageProductDependencies = (
				A81F68CF2C13060E00FAC237 /* SnapKit */,
				A81F68D42C13061300FAC237 /* Then */,
			);
			productName = cliary;
			productReference = A875D16D2C1180B900489207 /* cliary.app */;
			productType = "com.apple.product-type.application";
		};
/* End PBXNativeTarget section */

/* Begin PBXProject section */
		A875D1652C1180B900489207 /* Project object */ = {
			isa = PBXProject;
			attributes = {
				BuildIndependentTargetsInParallel = 1;
				LastSwiftUpdateCheck = 1530;
				LastUpgradeCheck = 1530;
				TargetAttributes = {
					A875D16C2C1180B900489207 = {
						CreatedOnToolsVersion = 15.3;
					};
				};
			};
			buildConfigurationList = A875D1682C1180B900489207 /* Build configuration list for PBXProject "cliary" */;
			compatibilityVersion = "Xcode 14.0";
			developmentRegion = en;
			hasScannedForEncodings = 0;
			knownRegions = (
				en,
				Base,
			);
			mainGroup = A875D1642C1180B900489207;
			packageReferences = (
				A81F68CE2C13060E00FAC237 /* XCRemoteSwiftPackageReference "SnapKit" */,
				A81F68D32C13061300FAC237 /* XCRemoteSwiftPackageReference "Then" */,
			);
			productRefGroup = A875D16E2C1180B900489207 /* Products */;
			projectDirPath = "";
			projectRoot = "";
			targets = (
				A875D16C2C1180B900489207 /* cliary */,
			);
		};
/* End PBXProject section */

/* Begin PBXResourcesBuildPhase section */
		A875D16B2C1180B900489207 /* Resources */ = {
			isa = PBXResourcesBuildPhase;
			buildActionMask = 2147483647;
			files = (
				A875D17A2C1180BB00489207 /* Assets.xcassets in Resources */,
				A875D17D2C1180BB00489207 /* Base in Resources */,
			);
			runOnlyForDeploymentPostprocessing = 0;
		};
/* End PBXResourcesBuildPhase section */

/* Begin PBXSourcesBuildPhase section */
		A875D1692C1180B900489207 /* Sources */ = {
			isa = PBXSourcesBuildPhase;
			buildActionMask = 2147483647;
			files = (
				CC9DF1E52C31310400B8D2EE /* ProfileViewController.swift in Sources */,
				A875D1932C11929F00489207 /* TabBarViewController.swift in Sources */,
				CC9DF1F02C313B9800B8D2EE /* BaseStackView.swift in Sources */,
				A875D1752C1180B900489207 /* LoginViewController.swift in Sources */,
				CC9DF1F92C3141A400B8D2EE /* ProfileRootView.swift in Sources */,
				A81F68CD2C13055300FAC237 /* NavigationController.swift in Sources */,
				A875D1712C1180B900489207 /* AppDelegate.swift in Sources */,
				CC9DF1F72C31415D00B8D2EE /* RootViewProtocol.swift in Sources */,
				CC9DF1EC2C31349D00B8D2EE /* Literal.swift in Sources */,
				CC9DF1EE2C313B0200B8D2EE /* BaseView.swift in Sources */,
				CC9DF1E82C31319700B8D2EE /* BaseViewController.swift in Sources */,
				CC9DF1F32C313D4300B8D2EE /* ContainerView.swift in Sources */,
				A875D1732C1180B900489207 /* SceneDelegate.swift in Sources */,
			);
			runOnlyForDeploymentPostprocessing = 0;
		};
/* End PBXSourcesBuildPhase section */

/* Begin PBXVariantGroup section */
		A875D17B2C1180BB00489207 /* LaunchScreen.storyboard */ = {
			isa = PBXVariantGroup;
			children = (
				A875D17C2C1180BB00489207 /* Base */,
			);
			name = LaunchScreen.storyboard;
			sourceTree = "<group>";
		};
/* End PBXVariantGroup section */

/* Begin XCBuildConfiguration section */
		A875D17F2C1180BB00489207 /* Debug */ = {
			isa = XCBuildConfiguration;
			buildSettings = {
				ALWAYS_SEARCH_USER_PATHS = NO;
				ASSETCATALOG_COMPILER_GENERATE_SWIFT_ASSET_SYMBOL_EXTENSIONS = YES;
				CLANG_ANALYZER_NONNULL = YES;
				CLANG_ANALYZER_NUMBER_OBJECT_CONVERSION = YES_AGGRESSIVE;
				CLANG_CXX_LANGUAGE_STANDARD = "gnu++20";
				CLANG_ENABLE_MODULES = YES;
				CLANG_ENABLE_OBJC_ARC = YES;
				CLANG_ENABLE_OBJC_WEAK = YES;
				CLANG_WARN_BLOCK_CAPTURE_AUTORELEASING = YES;
				CLANG_WARN_BOOL_CONVERSION = YES;
				CLANG_WARN_COMMA = YES;
				CLANG_WARN_CONSTANT_CONVERSION = YES;
				CLANG_WARN_DEPRECATED_OBJC_IMPLEMENTATIONS = YES;
				CLANG_WARN_DIRECT_OBJC_ISA_USAGE = YES_ERROR;
				CLANG_WARN_DOCUMENTATION_COMMENTS = YES;
				CLANG_WARN_EMPTY_BODY = YES;
				CLANG_WARN_ENUM_CONVERSION = YES;
				CLANG_WARN_INFINITE_RECURSION = YES;
				CLANG_WARN_INT_CONVERSION = YES;
				CLANG_WARN_NON_LITERAL_NULL_CONVERSION = YES;
				CLANG_WARN_OBJC_IMPLICIT_RETAIN_SELF = YES;
				CLANG_WARN_OBJC_LITERAL_CONVERSION = YES;
				CLANG_WARN_OBJC_ROOT_CLASS = YES_ERROR;
				CLANG_WARN_QUOTED_INCLUDE_IN_FRAMEWORK_HEADER = YES;
				CLANG_WARN_RANGE_LOOP_ANALYSIS = YES;
				CLANG_WARN_STRICT_PROTOTYPES = YES;
				CLANG_WARN_SUSPICIOUS_MOVE = YES;
				CLANG_WARN_UNGUARDED_AVAILABILITY = YES_AGGRESSIVE;
				CLANG_WARN_UNREACHABLE_CODE = YES;
				CLANG_WARN__DUPLICATE_METHOD_MATCH = YES;
				COPY_PHASE_STRIP = NO;
				DEBUG_INFORMATION_FORMAT = dwarf;
				ENABLE_STRICT_OBJC_MSGSEND = YES;
				ENABLE_TESTABILITY = YES;
				ENABLE_USER_SCRIPT_SANDBOXING = YES;
				GCC_C_LANGUAGE_STANDARD = gnu17;
				GCC_DYNAMIC_NO_PIC = NO;
				GCC_NO_COMMON_BLOCKS = YES;
				GCC_OPTIMIZATION_LEVEL = 0;
				GCC_PREPROCESSOR_DEFINITIONS = (
					"DEBUG=1",
					"$(inherited)",
				);
				GCC_WARN_64_TO_32_BIT_CONVERSION = YES;
				GCC_WARN_ABOUT_RETURN_TYPE = YES_ERROR;
				GCC_WARN_UNDECLARED_SELECTOR = YES;
				GCC_WARN_UNINITIALIZED_AUTOS = YES_AGGRESSIVE;
				GCC_WARN_UNUSED_FUNCTION = YES;
				GCC_WARN_UNUSED_VARIABLE = YES;
				IPHONEOS_DEPLOYMENT_TARGET = 16.0;
				LOCALIZATION_PREFERS_STRING_CATALOGS = YES;
				MTL_ENABLE_DEBUG_INFO = INCLUDE_SOURCE;
				MTL_FAST_MATH = YES;
				ONLY_ACTIVE_ARCH = YES;
				SDKROOT = iphoneos;
				SWIFT_ACTIVE_COMPILATION_CONDITIONS = "DEBUG $(inherited)";
				SWIFT_OPTIMIZATION_LEVEL = "-Onone";
			};
			name = Debug;
		};
		A875D1802C1180BB00489207 /* Release */ = {
			isa = XCBuildConfiguration;
			buildSettings = {
				ALWAYS_SEARCH_USER_PATHS = NO;
				ASSETCATALOG_COMPILER_GENERATE_SWIFT_ASSET_SYMBOL_EXTENSIONS = YES;
				CLANG_ANALYZER_NONNULL = YES;
				CLANG_ANALYZER_NUMBER_OBJECT_CONVERSION = YES_AGGRESSIVE;
				CLANG_CXX_LANGUAGE_STANDARD = "gnu++20";
				CLANG_ENABLE_MODULES = YES;
				CLANG_ENABLE_OBJC_ARC = YES;
				CLANG_ENABLE_OBJC_WEAK = YES;
				CLANG_WARN_BLOCK_CAPTURE_AUTORELEASING = YES;
				CLANG_WARN_BOOL_CONVERSION = YES;
				CLANG_WARN_COMMA = YES;
				CLANG_WARN_CONSTANT_CONVERSION = YES;
				CLANG_WARN_DEPRECATED_OBJC_IMPLEMENTATIONS = YES;
				CLANG_WARN_DIRECT_OBJC_ISA_USAGE = YES_ERROR;
				CLANG_WARN_DOCUMENTATION_COMMENTS = YES;
				CLANG_WARN_EMPTY_BODY = YES;
				CLANG_WARN_ENUM_CONVERSION = YES;
				CLANG_WARN_INFINITE_RECURSION = YES;
				CLANG_WARN_INT_CONVERSION = YES;
				CLANG_WARN_NON_LITERAL_NULL_CONVERSION = YES;
				CLANG_WARN_OBJC_IMPLICIT_RETAIN_SELF = YES;
				CLANG_WARN_OBJC_LITERAL_CONVERSION = YES;
				CLANG_WARN_OBJC_ROOT_CLASS = YES_ERROR;
				CLANG_WARN_QUOTED_INCLUDE_IN_FRAMEWORK_HEADER = YES;
				CLANG_WARN_RANGE_LOOP_ANALYSIS = YES;
				CLANG_WARN_STRICT_PROTOTYPES = YES;
				CLANG_WARN_SUSPICIOUS_MOVE = YES;
				CLANG_WARN_UNGUARDED_AVAILABILITY = YES_AGGRESSIVE;
				CLANG_WARN_UNREACHABLE_CODE = YES;
				CLANG_WARN__DUPLICATE_METHOD_MATCH = YES;
				COPY_PHASE_STRIP = NO;
				DEBUG_INFORMATION_FORMAT = "dwarf-with-dsym";
				ENABLE_NS_ASSERTIONS = NO;
				ENABLE_STRICT_OBJC_MSGSEND = YES;
				ENABLE_USER_SCRIPT_SANDBOXING = YES;
				GCC_C_LANGUAGE_STANDARD = gnu17;
				GCC_NO_COMMON_BLOCKS = YES;
				GCC_WARN_64_TO_32_BIT_CONVERSION = YES;
				GCC_WARN_ABOUT_RETURN_TYPE = YES_ERROR;
				GCC_WARN_UNDECLARED_SELECTOR = YES;
				GCC_WARN_UNINITIALIZED_AUTOS = YES_AGGRESSIVE;
				GCC_WARN_UNUSED_FUNCTION = YES;
				GCC_WARN_UNUSED_VARIABLE = YES;
				IPHONEOS_DEPLOYMENT_TARGET = 16.0;
				LOCALIZATION_PREFERS_STRING_CATALOGS = YES;
				MTL_ENABLE_DEBUG_INFO = NO;
				MTL_FAST_MATH = YES;
				SDKROOT = iphoneos;
				SWIFT_COMPILATION_MODE = wholemodule;
				VALIDATE_PRODUCT = YES;
			};
			name = Release;
		};
		A875D1822C1180BB00489207 /* Debug */ = {
			isa = XCBuildConfiguration;
			buildSettings = {
				ASSETCATALOG_COMPILER_APPICON_NAME = AppIcon;
				ASSETCATALOG_COMPILER_GLOBAL_ACCENT_COLOR_NAME = AccentColor;
				CODE_SIGN_STYLE = Automatic;
				CURRENT_PROJECT_VERSION = 1;
				DEVELOPMENT_TEAM = YWNQ4RZBTS;
				GENERATE_INFOPLIST_FILE = YES;
				INFOPLIST_FILE = cliary/Info.plist;
				INFOPLIST_KEY_UIApplicationSupportsIndirectInputEvents = YES;
				INFOPLIST_KEY_UILaunchStoryboardName = LaunchScreen;
				INFOPLIST_KEY_UISupportedInterfaceOrientations_iPad = "UIInterfaceOrientationPortrait UIInterfaceOrientationPortraitUpsideDown UIInterfaceOrientationLandscapeLeft UIInterfaceOrientationLandscapeRight";
				INFOPLIST_KEY_UISupportedInterfaceOrientations_iPhone = "UIInterfaceOrientationPortrait UIInterfaceOrientationLandscapeLeft UIInterfaceOrientationLandscapeRight";
				LD_RUNPATH_SEARCH_PATHS = (
					"$(inherited)",
					"@executable_path/Frameworks",
				);
				MARKETING_VERSION = 1.0;
				PRODUCT_BUNDLE_IDENTIFIER = com.crux.cliary;
				PRODUCT_NAME = "$(TARGET_NAME)";
				SUPPORTED_PLATFORMS = "iphoneos iphonesimulator";
				SUPPORTS_MACCATALYST = NO;
				SUPPORTS_MAC_DESIGNED_FOR_IPHONE_IPAD = NO;
				SUPPORTS_XR_DESIGNED_FOR_IPHONE_IPAD = NO;
				SWIFT_EMIT_LOC_STRINGS = YES;
				SWIFT_VERSION = 5.0;
				TARGETED_DEVICE_FAMILY = 1;
			};
			name = Debug;
		};
		A875D1832C1180BB00489207 /* Release */ = {
			isa = XCBuildConfiguration;
			buildSettings = {
				ASSETCATALOG_COMPILER_APPICON_NAME = AppIcon;
				ASSETCATALOG_COMPILER_GLOBAL_ACCENT_COLOR_NAME = AccentColor;
				CODE_SIGN_STYLE = Automatic;
				CURRENT_PROJECT_VERSION = 1;
				DEVELOPMENT_TEAM = YWNQ4RZBTS;
				GENERATE_INFOPLIST_FILE = YES;
				INFOPLIST_FILE = cliary/Info.plist;
				INFOPLIST_KEY_UIApplicationSupportsIndirectInputEvents = YES;
				INFOPLIST_KEY_UILaunchStoryboardName = LaunchScreen;
				INFOPLIST_KEY_UISupportedInterfaceOrientations_iPad = "UIInterfaceOrientationPortrait UIInterfaceOrientationPortraitUpsideDown UIInterfaceOrientationLandscapeLeft UIInterfaceOrientationLandscapeRight";
				INFOPLIST_KEY_UISupportedInterfaceOrientations_iPhone = "UIInterfaceOrientationPortrait UIInterfaceOrientationLandscapeLeft UIInterfaceOrientationLandscapeRight";
				LD_RUNPATH_SEARCH_PATHS = (
					"$(inherited)",
					"@executable_path/Frameworks",
				);
				MARKETING_VERSION = 1.0;
				PRODUCT_BUNDLE_IDENTIFIER = com.crux.cliary;
				PRODUCT_NAME = "$(TARGET_NAME)";
				SUPPORTED_PLATFORMS = "iphoneos iphonesimulator";
				SUPPORTS_MACCATALYST = NO;
				SUPPORTS_MAC_DESIGNED_FOR_IPHONE_IPAD = NO;
				SUPPORTS_XR_DESIGNED_FOR_IPHONE_IPAD = NO;
				SWIFT_EMIT_LOC_STRINGS = YES;
				SWIFT_VERSION = 5.0;
				TARGETED_DEVICE_FAMILY = 1;
			};
			name = Release;
		};
/* End XCBuildConfiguration section */

/* Begin XCConfigurationList section */
		A875D1682C1180B900489207 /* Build configuration list for PBXProject "cliary" */ = {
			isa = XCConfigurationList;
			buildConfigurations = (
				A875D17F2C1180BB00489207 /* Debug */,
				A875D1802C1180BB00489207 /* Release */,
			);
			defaultConfigurationIsVisible = 0;
			defaultConfigurationName = Release;
		};
		A875D1812C1180BB00489207 /* Build configuration list for PBXNativeTarget "cliary" */ = {
			isa = XCConfigurationList;
			buildConfigurations = (
				A875D1822C1180BB00489207 /* Debug */,
				A875D1832C1180BB00489207 /* Release */,
			);
			defaultConfigurationIsVisible = 0;
			defaultConfigurationName = Release;
		};
/* End XCConfigurationList section */

/* Begin XCRemoteSwiftPackageReference section */
		A81F68CE2C13060E00FAC237 /* XCRemoteSwiftPackageReference "SnapKit" */ = {
			isa = XCRemoteSwiftPackageReference;
			repositoryURL = "https://github.com/SnapKit/SnapKit";
			requirement = {
				kind = upToNextMajorVersion;
				minimumVersion = 5.7.1;
			};
		};
		A81F68D32C13061300FAC237 /* XCRemoteSwiftPackageReference "Then" */ = {
			isa = XCRemoteSwiftPackageReference;
			repositoryURL = "https://github.com/devxoul/Then.git";
			requirement = {
				kind = upToNextMajorVersion;
				minimumVersion = 3.0.0;
			};
		};
/* End XCRemoteSwiftPackageReference section */

/* Begin XCSwiftPackageProductDependency section */
		A81F68CF2C13060E00FAC237 /* SnapKit */ = {
			isa = XCSwiftPackageProductDependency;
			package = A81F68CE2C13060E00FAC237 /* XCRemoteSwiftPackageReference "SnapKit" */;
			productName = SnapKit;
		};
		A81F68D42C13061300FAC237 /* Then */ = {
			isa = XCSwiftPackageProductDependency;
			package = A81F68D32C13061300FAC237 /* XCRemoteSwiftPackageReference "Then" */;
			productName = Then;
		};
/* End XCSwiftPackageProductDependency section */
	};
	rootObject = A875D1652C1180B900489207 /* Project object */;
}
